version = 1
requires-python = ">=3.10"

[[package]]
name = "anyio"
version = "4.7.0"
source = { registry = "https://pypi.org/simple" }
dependencies = [
    { name = "exceptiongroup", marker = "python_full_version < '3.11'" },
    { name = "idna" },
    { name = "sniffio" },
    { name = "typing-extensions", marker = "python_full_version < '3.13'" },
]
sdist = { url = "https://files.pythonhosted.org/packages/f6/40/318e58f669b1a9e00f5c4453910682e2d9dd594334539c7b7817dabb765f/anyio-4.7.0.tar.gz", hash = "sha256:2f834749c602966b7d456a7567cafcb309f96482b5081d14ac93ccd457f9dd48", size = 177076 }
wheels = [
    { url = "https://files.pythonhosted.org/packages/a0/7a/4daaf3b6c08ad7ceffea4634ec206faeff697526421c20f07628c7372156/anyio-4.7.0-py3-none-any.whl", hash = "sha256:ea60c3723ab42ba6fff7e8ccb0488c898ec538ff4df1f1d5e642c3601d07e352", size = 93052 },
]

[[package]]
name = "aoc2024"
version = "0.1.0"
source = { editable = "." }
dependencies = [
    { name = "click" },
    { name = "networkx" },
    { name = "python-dotenv" },
    { name = "requests" },
    { name = "watchfiles" },
    { name = "z3-solver" },
]

[package.dev-dependencies]
dev = [
    { name = "ruff" },
]

[package.metadata]
requires-dist = [
    { name = "click", specifier = ">=8.1.7" },
    { name = "networkx", specifier = ">=3.4.2" },
    { name = "python-dotenv", specifier = ">=1.0.1" },
    { name = "requests", specifier = ">=2.32.3" },
    { name = "watchfiles", specifier = "<1" },
    { name = "z3-solver", specifier = ">=4.13.3.0" },
]

[package.metadata.requires-dev]
dev = [{ name = "ruff", specifier = ">=0.8.1" }]

[[package]]
name = "certifi"
version = "2024.8.30"
source = { registry = "https://pypi.org/simple" }
sdist = { url = "https://files.pythonhosted.org/packages/b0/ee/9b19140fe824b367c04c5e1b369942dd754c4c5462d5674002f75c4dedc1/certifi-2024.8.30.tar.gz", hash = "sha256:bec941d2aa8195e248a60b31ff9f0558284cf01a52591ceda73ea9afffd69fd9", size = 168507 }
wheels = [
    { url = "https://files.pythonhosted.org/packages/12/90/3c9ff0512038035f59d279fddeb79f5f1eccd8859f06d6163c58798b9487/certifi-2024.8.30-py3-none-any.whl", hash = "sha256:922820b53db7a7257ffbda3f597266d435245903d80737e34f8a45ff3e3230d8", size = 167321 },
]

[[package]]
name = "charset-normalizer"
version = "3.4.0"
source = { registry = "https://pypi.org/simple" }
sdist = { url = "https://files.pythonhosted.org/packages/f2/4f/e1808dc01273379acc506d18f1504eb2d299bd4131743b9fc54d7be4df1e/charset_normalizer-3.4.0.tar.gz", hash = "sha256:223217c3d4f82c3ac5e29032b3f1c2eb0fb591b72161f86d93f5719079dae93e", size = 106620 }
wheels = [
    { url = "https://files.pythonhosted.org/packages/69/8b/825cc84cf13a28bfbcba7c416ec22bf85a9584971be15b21dd8300c65b7f/charset_normalizer-3.4.0-cp310-cp310-macosx_10_9_universal2.whl", hash = "sha256:4f9fc98dad6c2eaa32fc3af1417d95b5e3d08aff968df0cd320066def971f9a6", size = 196363 },
    { url = "https://files.pythonhosted.org/packages/23/81/d7eef6a99e42c77f444fdd7bc894b0ceca6c3a95c51239e74a722039521c/charset_normalizer-3.4.0-cp310-cp310-macosx_10_9_x86_64.whl", hash = "sha256:0de7b687289d3c1b3e8660d0741874abe7888100efe14bd0f9fd7141bcbda92b", size = 125639 },
    { url = "https://files.pythonhosted.org/packages/21/67/b4564d81f48042f520c948abac7079356e94b30cb8ffb22e747532cf469d/charset_normalizer-3.4.0-cp310-cp310-macosx_11_0_arm64.whl", hash = "sha256:5ed2e36c3e9b4f21dd9422f6893dec0abf2cca553af509b10cd630f878d3eb99", size = 120451 },
    { url = "https://files.pythonhosted.org/packages/c2/72/12a7f0943dd71fb5b4e7b55c41327ac0a1663046a868ee4d0d8e9c369b85/charset_normalizer-3.4.0-cp310-cp310-manylinux_2_17_aarch64.manylinux2014_aarch64.whl", hash = "sha256:40d3ff7fc90b98c637bda91c89d51264a3dcf210cade3a2c6f838c7268d7a4ca", size = 140041 },
    { url = "https://files.pythonhosted.org/packages/67/56/fa28c2c3e31217c4c52158537a2cf5d98a6c1e89d31faf476c89391cd16b/charset_normalizer-3.4.0-cp310-cp310-manylinux_2_17_ppc64le.manylinux2014_ppc64le.whl", hash = "sha256:1110e22af8ca26b90bd6364fe4c763329b0ebf1ee213ba32b68c73de5752323d", size = 150333 },
    { url = "https://files.pythonhosted.org/packages/f9/d2/466a9be1f32d89eb1554cf84073a5ed9262047acee1ab39cbaefc19635d2/charset_normalizer-3.4.0-cp310-cp310-manylinux_2_17_s390x.manylinux2014_s390x.whl", hash = "sha256:86f4e8cca779080f66ff4f191a685ced73d2f72d50216f7112185dc02b90b9b7", size = 142921 },
    { url = "https://files.pythonhosted.org/packages/f8/01/344ec40cf5d85c1da3c1f57566c59e0c9b56bcc5566c08804a95a6cc8257/charset_normalizer-3.4.0-cp310-cp310-manylinux_2_17_x86_64.manylinux2014_x86_64.whl", hash = "sha256:7f683ddc7eedd742e2889d2bfb96d69573fde1d92fcb811979cdb7165bb9c7d3", size = 144785 },
    { url = "https://files.pythonhosted.org/packages/73/8b/2102692cb6d7e9f03b9a33a710e0164cadfce312872e3efc7cfe22ed26b4/charset_normalizer-3.4.0-cp310-cp310-manylinux_2_5_i686.manylinux1_i686.manylinux_2_17_i686.manylinux2014_i686.whl", hash = "sha256:27623ba66c183eca01bf9ff833875b459cad267aeeb044477fedac35e19ba907", size = 146631 },
    { url = "https://files.pythonhosted.org/packages/d8/96/cc2c1b5d994119ce9f088a9a0c3ebd489d360a2eb058e2c8049f27092847/charset_normalizer-3.4.0-cp310-cp310-musllinux_1_2_aarch64.whl", hash = "sha256:f606a1881d2663630ea5b8ce2efe2111740df4b687bd78b34a8131baa007f79b", size = 140867 },
    { url = "https://files.pythonhosted.org/packages/c9/27/cde291783715b8ec30a61c810d0120411844bc4c23b50189b81188b273db/charset_normalizer-3.4.0-cp310-cp310-musllinux_1_2_i686.whl", hash = "sha256:0b309d1747110feb25d7ed6b01afdec269c647d382c857ef4663bbe6ad95a912", size = 149273 },
    { url = "https://files.pythonhosted.org/packages/3a/a4/8633b0fc1a2d1834d5393dafecce4a1cc56727bfd82b4dc18fc92f0d3cc3/charset_normalizer-3.4.0-cp310-cp310-musllinux_1_2_ppc64le.whl", hash = "sha256:136815f06a3ae311fae551c3df1f998a1ebd01ddd424aa5603a4336997629e95", size = 152437 },
    { url = "https://files.pythonhosted.org/packages/64/ea/69af161062166b5975ccbb0961fd2384853190c70786f288684490913bf5/charset_normalizer-3.4.0-cp310-cp310-musllinux_1_2_s390x.whl", hash = "sha256:14215b71a762336254351b00ec720a8e85cada43b987da5a042e4ce3e82bd68e", size = 150087 },
    { url = "https://files.pythonhosted.org/packages/3b/fd/e60a9d9fd967f4ad5a92810138192f825d77b4fa2a557990fd575a47695b/charset_normalizer-3.4.0-cp310-cp310-musllinux_1_2_x86_64.whl", hash = "sha256:79983512b108e4a164b9c8d34de3992f76d48cadc9554c9e60b43f308988aabe", size = 145142 },
    { url = "https://files.pythonhosted.org/packages/6d/02/8cb0988a1e49ac9ce2eed1e07b77ff118f2923e9ebd0ede41ba85f2dcb04/charset_normalizer-3.4.0-cp310-cp310-win32.whl", hash = "sha256:c94057af19bc953643a33581844649a7fdab902624d2eb739738a30e2b3e60fc", size = 94701 },
    { url = "https://files.pythonhosted.org/packages/d6/20/f1d4670a8a723c46be695dff449d86d6092916f9e99c53051954ee33a1bc/charset_normalizer-3.4.0-cp310-cp310-win_amd64.whl", hash = "sha256:55f56e2ebd4e3bc50442fbc0888c9d8c94e4e06a933804e2af3e89e2f9c1c749", size = 102191 },
    { url = "https://files.pythonhosted.org/packages/9c/61/73589dcc7a719582bf56aae309b6103d2762b526bffe189d635a7fcfd998/charset_normalizer-3.4.0-cp311-cp311-macosx_10_9_universal2.whl", hash = "sha256:0d99dd8ff461990f12d6e42c7347fd9ab2532fb70e9621ba520f9e8637161d7c", size = 193339 },
    { url = "https://files.pythonhosted.org/packages/77/d5/8c982d58144de49f59571f940e329ad6e8615e1e82ef84584c5eeb5e1d72/charset_normalizer-3.4.0-cp311-cp311-macosx_10_9_x86_64.whl", hash = "sha256:c57516e58fd17d03ebe67e181a4e4e2ccab1168f8c2976c6a334d4f819fe5944", size = 124366 },
    { url = "https://files.pythonhosted.org/packages/bf/19/411a64f01ee971bed3231111b69eb56f9331a769072de479eae7de52296d/charset_normalizer-3.4.0-cp311-cp311-macosx_11_0_arm64.whl", hash = "sha256:6dba5d19c4dfab08e58d5b36304b3f92f3bd5d42c1a3fa37b5ba5cdf6dfcbcee", size = 118874 },
    { url = "https://files.pythonhosted.org/packages/4c/92/97509850f0d00e9f14a46bc751daabd0ad7765cff29cdfb66c68b6dad57f/charset_normalizer-3.4.0-cp311-cp311-manylinux_2_17_aarch64.manylinux2014_aarch64.whl", hash = "sha256:bf4475b82be41b07cc5e5ff94810e6a01f276e37c2d55571e3fe175e467a1a1c", size = 138243 },
    { url = "https://files.pythonhosted.org/packages/e2/29/d227805bff72ed6d6cb1ce08eec707f7cfbd9868044893617eb331f16295/charset_normalizer-3.4.0-cp311-cp311-manylinux_2_17_ppc64le.manylinux2014_ppc64le.whl", hash = "sha256:ce031db0408e487fd2775d745ce30a7cd2923667cf3b69d48d219f1d8f5ddeb6", size = 148676 },
    { url = "https://files.pythonhosted.org/packages/13/bc/87c2c9f2c144bedfa62f894c3007cd4530ba4b5351acb10dc786428a50f0/charset_normalizer-3.4.0-cp311-cp311-manylinux_2_17_s390x.manylinux2014_s390x.whl", hash = "sha256:8ff4e7cdfdb1ab5698e675ca622e72d58a6fa2a8aa58195de0c0061288e6e3ea", size = 141289 },
    { url = "https://files.pythonhosted.org/packages/eb/5b/6f10bad0f6461fa272bfbbdf5d0023b5fb9bc6217c92bf068fa5a99820f5/charset_normalizer-3.4.0-cp311-cp311-manylinux_2_17_x86_64.manylinux2014_x86_64.whl", hash = "sha256:3710a9751938947e6327ea9f3ea6332a09bf0ba0c09cae9cb1f250bd1f1549bc", size = 142585 },
    { url = "https://files.pythonhosted.org/packages/3b/a0/a68980ab8a1f45a36d9745d35049c1af57d27255eff8c907e3add84cf68f/charset_normalizer-3.4.0-cp311-cp311-manylinux_2_5_i686.manylinux1_i686.manylinux_2_17_i686.manylinux2014_i686.whl", hash = "sha256:82357d85de703176b5587dbe6ade8ff67f9f69a41c0733cf2425378b49954de5", size = 144408 },
    { url = "https://files.pythonhosted.org/packages/d7/a1/493919799446464ed0299c8eef3c3fad0daf1c3cd48bff9263c731b0d9e2/charset_normalizer-3.4.0-cp311-cp311-musllinux_1_2_aarch64.whl", hash = "sha256:47334db71978b23ebcf3c0f9f5ee98b8d65992b65c9c4f2d34c2eaf5bcaf0594", size = 139076 },
    { url = "https://files.pythonhosted.org/packages/fb/9d/9c13753a5a6e0db4a0a6edb1cef7aee39859177b64e1a1e748a6e3ba62c2/charset_normalizer-3.4.0-cp311-cp311-musllinux_1_2_i686.whl", hash = "sha256:8ce7fd6767a1cc5a92a639b391891bf1c268b03ec7e021c7d6d902285259685c", size = 146874 },
    { url = "https://files.pythonhosted.org/packages/75/d2/0ab54463d3410709c09266dfb416d032a08f97fd7d60e94b8c6ef54ae14b/charset_normalizer-3.4.0-cp311-cp311-musllinux_1_2_ppc64le.whl", hash = "sha256:f1a2f519ae173b5b6a2c9d5fa3116ce16e48b3462c8b96dfdded11055e3d6365", size = 150871 },
    { url = "https://files.pythonhosted.org/packages/8d/c9/27e41d481557be53d51e60750b85aa40eaf52b841946b3cdeff363105737/charset_normalizer-3.4.0-cp311-cp311-musllinux_1_2_s390x.whl", hash = "sha256:63bc5c4ae26e4bc6be6469943b8253c0fd4e4186c43ad46e713ea61a0ba49129", size = 148546 },
    { url = "https://files.pythonhosted.org/packages/ee/44/4f62042ca8cdc0cabf87c0fc00ae27cd8b53ab68be3605ba6d071f742ad3/charset_normalizer-3.4.0-cp311-cp311-musllinux_1_2_x86_64.whl", hash = "sha256:bcb4f8ea87d03bc51ad04add8ceaf9b0f085ac045ab4d74e73bbc2dc033f0236", size = 143048 },
    { url = "https://files.pythonhosted.org/packages/01/f8/38842422988b795220eb8038745d27a675ce066e2ada79516c118f291f07/charset_normalizer-3.4.0-cp311-cp311-win32.whl", hash = "sha256:9ae4ef0b3f6b41bad6366fb0ea4fc1d7ed051528e113a60fa2a65a9abb5b1d99", size = 94389 },
    { url = "https://files.pythonhosted.org/packages/0b/6e/b13bd47fa9023b3699e94abf565b5a2f0b0be6e9ddac9812182596ee62e4/charset_normalizer-3.4.0-cp311-cp311-win_amd64.whl", hash = "sha256:cee4373f4d3ad28f1ab6290684d8e2ebdb9e7a1b74fdc39e4c211995f77bec27", size = 101752 },
    { url = "https://files.pythonhosted.org/packages/d3/0b/4b7a70987abf9b8196845806198975b6aab4ce016632f817ad758a5aa056/charset_normalizer-3.4.0-cp312-cp312-macosx_10_13_universal2.whl", hash = "sha256:0713f3adb9d03d49d365b70b84775d0a0d18e4ab08d12bc46baa6132ba78aaf6", size = 194445 },
    { url = "https://files.pythonhosted.org/packages/50/89/354cc56cf4dd2449715bc9a0f54f3aef3dc700d2d62d1fa5bbea53b13426/charset_normalizer-3.4.0-cp312-cp312-macosx_10_13_x86_64.whl", hash = "sha256:de7376c29d95d6719048c194a9cf1a1b0393fbe8488a22008610b0361d834ecf", size = 125275 },
    { url = "https://files.pythonhosted.org/packages/fa/44/b730e2a2580110ced837ac083d8ad222343c96bb6b66e9e4e706e4d0b6df/charset_normalizer-3.4.0-cp312-cp312-macosx_11_0_arm64.whl", hash = "sha256:4a51b48f42d9358460b78725283f04bddaf44a9358197b889657deba38f329db", size = 119020 },
    { url = "https://files.pythonhosted.org/packages/9d/e4/9263b8240ed9472a2ae7ddc3e516e71ef46617fe40eaa51221ccd4ad9a27/charset_normalizer-3.4.0-cp312-cp312-manylinux_2_17_aarch64.manylinux2014_aarch64.whl", hash = "sha256:b295729485b06c1a0683af02a9e42d2caa9db04a373dc38a6a58cdd1e8abddf1", size = 139128 },
    { url = "https://files.pythonhosted.org/packages/6b/e3/9f73e779315a54334240353eaea75854a9a690f3f580e4bd85d977cb2204/charset_normalizer-3.4.0-cp312-cp312-manylinux_2_17_ppc64le.manylinux2014_ppc64le.whl", hash = "sha256:ee803480535c44e7f5ad00788526da7d85525cfefaf8acf8ab9a310000be4b03", size = 149277 },
    { url = "https://files.pythonhosted.org/packages/1a/cf/f1f50c2f295312edb8a548d3fa56a5c923b146cd3f24114d5adb7e7be558/charset_normalizer-3.4.0-cp312-cp312-manylinux_2_17_s390x.manylinux2014_s390x.whl", hash = "sha256:3d59d125ffbd6d552765510e3f31ed75ebac2c7470c7274195b9161a32350284", size = 142174 },
    { url = "https://files.pythonhosted.org/packages/16/92/92a76dc2ff3a12e69ba94e7e05168d37d0345fa08c87e1fe24d0c2a42223/charset_normalizer-3.4.0-cp312-cp312-manylinux_2_17_x86_64.manylinux2014_x86_64.whl", hash = "sha256:8cda06946eac330cbe6598f77bb54e690b4ca93f593dee1568ad22b04f347c15", size = 143838 },
    { url = "https://files.pythonhosted.org/packages/a4/01/2117ff2b1dfc61695daf2babe4a874bca328489afa85952440b59819e9d7/charset_normalizer-3.4.0-cp312-cp312-manylinux_2_5_i686.manylinux1_i686.manylinux_2_17_i686.manylinux2014_i686.whl", hash = "sha256:07afec21bbbbf8a5cc3651aa96b980afe2526e7f048fdfb7f1014d84acc8b6d8", size = 146149 },
    { url = "https://files.pythonhosted.org/packages/f6/9b/93a332b8d25b347f6839ca0a61b7f0287b0930216994e8bf67a75d050255/charset_normalizer-3.4.0-cp312-cp312-musllinux_1_2_aarch64.whl", hash = "sha256:6b40e8d38afe634559e398cc32b1472f376a4099c75fe6299ae607e404c033b2", size = 140043 },
    { url = "https://files.pythonhosted.org/packages/ab/f6/7ac4a01adcdecbc7a7587767c776d53d369b8b971382b91211489535acf0/charset_normalizer-3.4.0-cp312-cp312-musllinux_1_2_i686.whl", hash = "sha256:b8dcd239c743aa2f9c22ce674a145e0a25cb1566c495928440a181ca1ccf6719", size = 148229 },
    { url = "https://files.pythonhosted.org/packages/9d/be/5708ad18161dee7dc6a0f7e6cf3a88ea6279c3e8484844c0590e50e803ef/charset_normalizer-3.4.0-cp312-cp312-musllinux_1_2_ppc64le.whl", hash = "sha256:84450ba661fb96e9fd67629b93d2941c871ca86fc38d835d19d4225ff946a631", size = 151556 },
    { url = "https://files.pythonhosted.org/packages/5a/bb/3d8bc22bacb9eb89785e83e6723f9888265f3a0de3b9ce724d66bd49884e/charset_normalizer-3.4.0-cp312-cp312-musllinux_1_2_s390x.whl", hash = "sha256:44aeb140295a2f0659e113b31cfe92c9061622cadbc9e2a2f7b8ef6b1e29ef4b", size = 149772 },
    { url = "https://files.pythonhosted.org/packages/f7/fa/d3fc622de05a86f30beea5fc4e9ac46aead4731e73fd9055496732bcc0a4/charset_normalizer-3.4.0-cp312-cp312-musllinux_1_2_x86_64.whl", hash = "sha256:1db4e7fefefd0f548d73e2e2e041f9df5c59e178b4c72fbac4cc6f535cfb1565", size = 144800 },
    { url = "https://files.pythonhosted.org/packages/9a/65/bdb9bc496d7d190d725e96816e20e2ae3a6fa42a5cac99c3c3d6ff884118/charset_normalizer-3.4.0-cp312-cp312-win32.whl", hash = "sha256:5726cf76c982532c1863fb64d8c6dd0e4c90b6ece9feb06c9f202417a31f7dd7", size = 94836 },
    { url = "https://files.pythonhosted.org/packages/3e/67/7b72b69d25b89c0b3cea583ee372c43aa24df15f0e0f8d3982c57804984b/charset_normalizer-3.4.0-cp312-cp312-win_amd64.whl", hash = "sha256:b197e7094f232959f8f20541ead1d9862ac5ebea1d58e9849c1bf979255dfac9", size = 102187 },
    { url = "https://files.pythonhosted.org/packages/f3/89/68a4c86f1a0002810a27f12e9a7b22feb198c59b2f05231349fbce5c06f4/charset_normalizer-3.4.0-cp313-cp313-macosx_10_13_universal2.whl", hash = "sha256:dd4eda173a9fcccb5f2e2bd2a9f423d180194b1bf17cf59e3269899235b2a114", size = 194617 },
    { url = "https://files.pythonhosted.org/packages/4f/cd/8947fe425e2ab0aa57aceb7807af13a0e4162cd21eee42ef5b053447edf5/charset_normalizer-3.4.0-cp313-cp313-macosx_10_13_x86_64.whl", hash = "sha256:e9e3c4c9e1ed40ea53acf11e2a386383c3304212c965773704e4603d589343ed", size = 125310 },
    { url = "https://files.pythonhosted.org/packages/5b/f0/b5263e8668a4ee9becc2b451ed909e9c27058337fda5b8c49588183c267a/charset_normalizer-3.4.0-cp313-cp313-macosx_11_0_arm64.whl", hash = "sha256:92a7e36b000bf022ef3dbb9c46bfe2d52c047d5e3f3343f43204263c5addc250", size = 119126 },
    { url = "https://files.pythonhosted.org/packages/ff/6e/e445afe4f7fda27a533f3234b627b3e515a1b9429bc981c9a5e2aa5d97b6/charset_normalizer-3.4.0-cp313-cp313-manylinux_2_17_aarch64.manylinux2014_aarch64.whl", hash = "sha256:54b6a92d009cbe2fb11054ba694bc9e284dad30a26757b1e372a1fdddaf21920", size = 139342 },
    { url = "https://files.pythonhosted.org/packages/a1/b2/4af9993b532d93270538ad4926c8e37dc29f2111c36f9c629840c57cd9b3/charset_normalizer-3.4.0-cp313-cp313-manylinux_2_17_ppc64le.manylinux2014_ppc64le.whl", hash = "sha256:1ffd9493de4c922f2a38c2bf62b831dcec90ac673ed1ca182fe11b4d8e9f2a64", size = 149383 },
    { url = "https://files.pythonhosted.org/packages/fb/6f/4e78c3b97686b871db9be6f31d64e9264e889f8c9d7ab33c771f847f79b7/charset_normalizer-3.4.0-cp313-cp313-manylinux_2_17_s390x.manylinux2014_s390x.whl", hash = "sha256:35c404d74c2926d0287fbd63ed5d27eb911eb9e4a3bb2c6d294f3cfd4a9e0c23", size = 142214 },
    { url = "https://files.pythonhosted.org/packages/2b/c9/1c8fe3ce05d30c87eff498592c89015b19fade13df42850aafae09e94f35/charset_normalizer-3.4.0-cp313-cp313-manylinux_2_17_x86_64.manylinux2014_x86_64.whl", hash = "sha256:4796efc4faf6b53a18e3d46343535caed491776a22af773f366534056c4e1fbc", size = 144104 },
    { url = "https://files.pythonhosted.org/packages/ee/68/efad5dcb306bf37db7db338338e7bb8ebd8cf38ee5bbd5ceaaaa46f257e6/charset_normalizer-3.4.0-cp313-cp313-manylinux_2_5_i686.manylinux1_i686.manylinux_2_17_i686.manylinux2014_i686.whl", hash = "sha256:e7fdd52961feb4c96507aa649550ec2a0d527c086d284749b2f582f2d40a2e0d", size = 146255 },
    { url = "https://files.pythonhosted.org/packages/0c/75/1ed813c3ffd200b1f3e71121c95da3f79e6d2a96120163443b3ad1057505/charset_normalizer-3.4.0-cp313-cp313-musllinux_1_2_aarch64.whl", hash = "sha256:92db3c28b5b2a273346bebb24857fda45601aef6ae1c011c0a997106581e8a88", size = 140251 },
    { url = "https://files.pythonhosted.org/packages/7d/0d/6f32255c1979653b448d3c709583557a4d24ff97ac4f3a5be156b2e6a210/charset_normalizer-3.4.0-cp313-cp313-musllinux_1_2_i686.whl", hash = "sha256:ab973df98fc99ab39080bfb0eb3a925181454d7c3ac8a1e695fddfae696d9e90", size = 148474 },
    { url = "https://files.pythonhosted.org/packages/ac/a0/c1b5298de4670d997101fef95b97ac440e8c8d8b4efa5a4d1ef44af82f0d/charset_normalizer-3.4.0-cp313-cp313-musllinux_1_2_ppc64le.whl", hash = "sha256:4b67fdab07fdd3c10bb21edab3cbfe8cf5696f453afce75d815d9d7223fbe88b", size = 151849 },
    { url = "https://files.pythonhosted.org/packages/04/4f/b3961ba0c664989ba63e30595a3ed0875d6790ff26671e2aae2fdc28a399/charset_normalizer-3.4.0-cp313-cp313-musllinux_1_2_s390x.whl", hash = "sha256:aa41e526a5d4a9dfcfbab0716c7e8a1b215abd3f3df5a45cf18a12721d31cb5d", size = 149781 },
    { url = "https://files.pythonhosted.org/packages/d8/90/6af4cd042066a4adad58ae25648a12c09c879efa4849c705719ba1b23d8c/charset_normalizer-3.4.0-cp313-cp313-musllinux_1_2_x86_64.whl", hash = "sha256:ffc519621dce0c767e96b9c53f09c5d215578e10b02c285809f76509a3931482", size = 144970 },
    { url = "https://files.pythonhosted.org/packages/cc/67/e5e7e0cbfefc4ca79025238b43cdf8a2037854195b37d6417f3d0895c4c2/charset_normalizer-3.4.0-cp313-cp313-win32.whl", hash = "sha256:f19c1585933c82098c2a520f8ec1227f20e339e33aca8fa6f956f6691b784e67", size = 94973 },
    { url = "https://files.pythonhosted.org/packages/65/97/fc9bbc54ee13d33dc54a7fcf17b26368b18505500fc01e228c27b5222d80/charset_normalizer-3.4.0-cp313-cp313-win_amd64.whl", hash = "sha256:707b82d19e65c9bd28b81dde95249b07bf9f5b90ebe1ef17d9b57473f8a64b7b", size = 102308 },
    { url = "https://files.pythonhosted.org/packages/bf/9b/08c0432272d77b04803958a4598a51e2a4b51c06640af8b8f0f908c18bf2/charset_normalizer-3.4.0-py3-none-any.whl", hash = "sha256:fe9f97feb71aa9896b81973a7bbada8c49501dc73e58a10fcef6663af95e5079", size = 49446 },
]

[[package]]
name = "click"
version = "8.1.7"
source = { registry = "https://pypi.org/simple" }
dependencies = [
    { name = "colorama", marker = "platform_system == 'Windows'" },
]
sdist = { url = "https://files.pythonhosted.org/packages/96/d3/f04c7bfcf5c1862a2a5b845c6b2b360488cf47af55dfa79c98f6a6bf98b5/click-8.1.7.tar.gz", hash = "sha256:ca9853ad459e787e2192211578cc907e7594e294c7ccc834310722b41b9ca6de", size = 336121 }
wheels = [
    { url = "https://files.pythonhosted.org/packages/00/2e/d53fa4befbf2cfa713304affc7ca780ce4fc1fd8710527771b58311a3229/click-8.1.7-py3-none-any.whl", hash = "sha256:ae74fb96c20a0277a1d615f1e4d73c8414f5a98db8b799a7931d1582f3390c28", size = 97941 },
]

[[package]]
name = "colorama"
version = "0.4.6"
source = { registry = "https://pypi.org/simple" }
sdist = { url = "https://files.pythonhosted.org/packages/d8/53/6f443c9a4a8358a93a6792e2acffb9d9d5cb0a5cfd8802644b7b1c9a02e4/colorama-0.4.6.tar.gz", hash = "sha256:08695f5cb7ed6e0531a20572697297273c47b8cae5a63ffc6d6ed5c201be6e44", size = 27697 }
wheels = [
    { url = "https://files.pythonhosted.org/packages/d1/d6/3965ed04c63042e047cb6a3e6ed1a63a35087b6a609aa3a15ed8ac56c221/colorama-0.4.6-py2.py3-none-any.whl", hash = "sha256:4f1d9991f5acc0ca119f9d443620b77f9d6b33703e51011c16baf57afb285fc6", size = 25335 },
]

[[package]]
name = "exceptiongroup"
version = "1.2.2"
source = { registry = "https://pypi.org/simple" }
sdist = { url = "https://files.pythonhosted.org/packages/09/35/2495c4ac46b980e4ca1f6ad6db102322ef3ad2410b79fdde159a4b0f3b92/exceptiongroup-1.2.2.tar.gz", hash = "sha256:47c2edf7c6738fafb49fd34290706d1a1a2f4d1c6df275526b62cbb4aa5393cc", size = 28883 }
wheels = [
    { url = "https://files.pythonhosted.org/packages/02/cc/b7e31358aac6ed1ef2bb790a9746ac2c69bcb3c8588b41616914eb106eaf/exceptiongroup-1.2.2-py3-none-any.whl", hash = "sha256:3111b9d131c238bec2f8f516e123e14ba243563fb135d3fe885990585aa7795b", size = 16453 },
]

[[package]]
name = "idna"
version = "3.10"
source = { registry = "https://pypi.org/simple" }
sdist = { url = "https://files.pythonhosted.org/packages/f1/70/7703c29685631f5a7590aa73f1f1d3fa9a380e654b86af429e0934a32f7d/idna-3.10.tar.gz", hash = "sha256:12f65c9b470abda6dc35cf8e63cc574b1c52b11df2c86030af0ac09b01b13ea9", size = 190490 }
wheels = [
    { url = "https://files.pythonhosted.org/packages/76/c6/c88e154df9c4e1a2a66ccf0005a88dfb2650c1dffb6f5ce603dfbd452ce3/idna-3.10-py3-none-any.whl", hash = "sha256:946d195a0d259cbba61165e88e65941f16e9b36ea6ddb97f00452bae8b1287d3", size = 70442 },
]

[[package]]
name = "networkx"
version = "3.4.2"
source = { registry = "https://pypi.org/simple" }
sdist = { url = "https://files.pythonhosted.org/packages/fd/1d/06475e1cd5264c0b870ea2cc6fdb3e37177c1e565c43f56ff17a10e3937f/networkx-3.4.2.tar.gz", hash = "sha256:307c3669428c5362aab27c8a1260aa8f47c4e91d3891f48be0141738d8d053e1", size = 2151368 }
wheels = [
    { url = "https://files.pythonhosted.org/packages/b9/54/dd730b32ea14ea797530a4479b2ed46a6fb250f682a9cfb997e968bf0261/networkx-3.4.2-py3-none-any.whl", hash = "sha256:df5d4365b724cf81b8c6a7312509d0c22386097011ad1abe274afd5e9d3bbc5f", size = 1723263 },
]

[[package]]
name = "python-dotenv"
version = "1.0.1"
source = { registry = "https://pypi.org/simple" }
sdist = { url = "https://files.pythonhosted.org/packages/bc/57/e84d88dfe0aec03b7a2d4327012c1627ab5f03652216c63d49846d7a6c58/python-dotenv-1.0.1.tar.gz", hash = "sha256:e324ee90a023d808f1959c46bcbc04446a10ced277783dc6ee09987c37ec10ca", size = 39115 }
wheels = [
    { url = "https://files.pythonhosted.org/packages/6a/3e/b68c118422ec867fa7ab88444e1274aa40681c606d59ac27de5a5588f082/python_dotenv-1.0.1-py3-none-any.whl", hash = "sha256:f7b63ef50f1b690dddf550d03497b66d609393b40b564ed0d674909a68ebf16a", size = 19863 },
]

[[package]]
name = "requests"
version = "2.32.3"
source = { registry = "https://pypi.org/simple" }
dependencies = [
    { name = "certifi" },
    { name = "charset-normalizer" },
    { name = "idna" },
    { name = "urllib3" },
]
sdist = { url = "https://files.pythonhosted.org/packages/63/70/2bf7780ad2d390a8d301ad0b550f1581eadbd9a20f896afe06353c2a2913/requests-2.32.3.tar.gz", hash = "sha256:55365417734eb18255590a9ff9eb97e9e1da868d4ccd6402399eaf68af20a760", size = 131218 }
wheels = [
    { url = "https://files.pythonhosted.org/packages/f9/9b/335f9764261e915ed497fcdeb11df5dfd6f7bf257d4a6a2a686d80da4d54/requests-2.32.3-py3-none-any.whl", hash = "sha256:70761cfe03c773ceb22aa2f671b4757976145175cdfca038c02654d061d6dcc6", size = 64928 },
]

[[package]]
name = "ruff"
version = "0.8.1"
source = { registry = "https://pypi.org/simple" }
sdist = { url = "https://files.pythonhosted.org/packages/95/d0/8ff5b189d125f4260f2255d143bf2fa413b69c2610c405ace7a0a8ec81ec/ruff-0.8.1.tar.gz", hash = "sha256:3583db9a6450364ed5ca3f3b4225958b24f78178908d5c4bc0f46251ccca898f", size = 3313222 }
wheels = [
    { url = "https://files.pythonhosted.org/packages/a2/d6/1a6314e568db88acdbb5121ed53e2c52cebf3720d3437a76f82f923bf171/ruff-0.8.1-py3-none-linux_armv6l.whl", hash = "sha256:fae0805bd514066f20309f6742f6ee7904a773eb9e6c17c45d6b1600ca65c9b5", size = 10532605 },
    { url = "https://files.pythonhosted.org/packages/89/a8/a957a8812e31facffb6a26a30be0b5b4af000a6e30c7d43a22a5232a3398/ruff-0.8.1-py3-none-macosx_10_12_x86_64.whl", hash = "sha256:b8a4f7385c2285c30f34b200ca5511fcc865f17578383db154e098150ce0a087", size = 10278243 },
    { url = "https://files.pythonhosted.org/packages/a8/23/9db40fa19c453fabf94f7a35c61c58f20e8200b4734a20839515a19da790/ruff-0.8.1-py3-none-macosx_11_0_arm64.whl", hash = "sha256:cd054486da0c53e41e0086e1730eb77d1f698154f910e0cd9e0d64274979a209", size = 9917739 },
    { url = "https://files.pythonhosted.org/packages/e2/a0/6ee2d949835d5701d832fc5acd05c0bfdad5e89cfdd074a171411f5ccad5/ruff-0.8.1-py3-none-manylinux_2_17_aarch64.manylinux2014_aarch64.whl", hash = "sha256:2029b8c22da147c50ae577e621a5bfbc5d1fed75d86af53643d7a7aee1d23871", size = 10779153 },
    { url = "https://files.pythonhosted.org/packages/7a/25/9c11dca9404ef1eb24833f780146236131a3c7941de394bc356912ef1041/ruff-0.8.1-py3-none-manylinux_2_17_armv7l.manylinux2014_armv7l.whl", hash = "sha256:2666520828dee7dfc7e47ee4ea0d928f40de72056d929a7c5292d95071d881d1", size = 10304387 },
    { url = "https://files.pythonhosted.org/packages/c8/b9/84c323780db1b06feae603a707d82dbbd85955c8c917738571c65d7d5aff/ruff-0.8.1-py3-none-manylinux_2_17_i686.manylinux2014_i686.whl", hash = "sha256:333c57013ef8c97a53892aa56042831c372e0bb1785ab7026187b7abd0135ad5", size = 11360351 },
    { url = "https://files.pythonhosted.org/packages/6b/e1/9d4bbb2ace7aad14ded20e4674a48cda5b902aed7a1b14e6b028067060c4/ruff-0.8.1-py3-none-manylinux_2_17_ppc64.manylinux2014_ppc64.whl", hash = "sha256:288326162804f34088ac007139488dcb43de590a5ccfec3166396530b58fb89d", size = 12022879 },
    { url = "https://files.pythonhosted.org/packages/75/28/752ff6120c0e7f9981bc4bc275d540c7f36db1379ba9db9142f69c88db21/ruff-0.8.1-py3-none-manylinux_2_17_ppc64le.manylinux2014_ppc64le.whl", hash = "sha256:b12c39b9448632284561cbf4191aa1b005882acbc81900ffa9f9f471c8ff7e26", size = 11610354 },
    { url = "https://files.pythonhosted.org/packages/ba/8c/967b61c2cc8ebd1df877607fbe462bc1e1220b4a30ae3352648aec8c24bd/ruff-0.8.1-py3-none-manylinux_2_17_s390x.manylinux2014_s390x.whl", hash = "sha256:364e6674450cbac8e998f7b30639040c99d81dfb5bbc6dfad69bc7a8f916b3d1", size = 12813976 },
    { url = "https://files.pythonhosted.org/packages/7f/29/e059f945d6bd2d90213387b8c360187f2fefc989ddcee6bbf3c241329b92/ruff-0.8.1-py3-none-manylinux_2_17_x86_64.manylinux2014_x86_64.whl", hash = "sha256:b22346f845fec132aa39cd29acb94451d030c10874408dbf776af3aaeb53284c", size = 11154564 },
    { url = "https://files.pythonhosted.org/packages/55/47/cbd05e5a62f3fb4c072bc65c1e8fd709924cad1c7ec60a1000d1e4ee8307/ruff-0.8.1-py3-none-musllinux_1_2_aarch64.whl", hash = "sha256:b2f2f7a7e7648a2bfe6ead4e0a16745db956da0e3a231ad443d2a66a105c04fa", size = 10760604 },
    { url = "https://files.pythonhosted.org/packages/bb/ee/4c3981c47147c72647a198a94202633130cfda0fc95cd863a553b6f65c6a/ruff-0.8.1-py3-none-musllinux_1_2_armv7l.whl", hash = "sha256:adf314fc458374c25c5c4a4a9270c3e8a6a807b1bec018cfa2813d6546215540", size = 10391071 },
    { url = "https://files.pythonhosted.org/packages/6b/e6/083eb61300214590b188616a8ac6ae1ef5730a0974240fb4bec9c17de78b/ruff-0.8.1-py3-none-musllinux_1_2_i686.whl", hash = "sha256:a885d68342a231b5ba4d30b8c6e1b1ee3a65cf37e3d29b3c74069cdf1ee1e3c9", size = 10896657 },
    { url = "https://files.pythonhosted.org/packages/77/bd/aacdb8285d10f1b943dbeb818968efca35459afc29f66ae3bd4596fbf954/ruff-0.8.1-py3-none-musllinux_1_2_x86_64.whl", hash = "sha256:d2c16e3508c8cc73e96aa5127d0df8913d2290098f776416a4b157657bee44c5", size = 11228362 },
    { url = "https://files.pythonhosted.org/packages/39/72/fcb7ad41947f38b4eaa702aca0a361af0e9c2bf671d7fd964480670c297e/ruff-0.8.1-py3-none-win32.whl", hash = "sha256:93335cd7c0eaedb44882d75a7acb7df4b77cd7cd0d2255c93b28791716e81790", size = 8803476 },
    { url = "https://files.pythonhosted.org/packages/e4/ea/cae9aeb0f4822c44651c8407baacdb2e5b4dcd7b31a84e1c5df33aa2cc20/ruff-0.8.1-py3-none-win_amd64.whl", hash = "sha256:2954cdbe8dfd8ab359d4a30cd971b589d335a44d444b6ca2cb3d1da21b75e4b6", size = 9614463 },
    { url = "https://files.pythonhosted.org/packages/eb/76/fbb4bd23dfb48fa7758d35b744413b650a9fd2ddd93bca77e30376864414/ruff-0.8.1-py3-none-win_arm64.whl", hash = "sha256:55873cc1a473e5ac129d15eccb3c008c096b94809d693fc7053f588b67822737", size = 8959621 },
]

[[package]]
name = "sniffio"
version = "1.3.1"
source = { registry = "https://pypi.org/simple" }
sdist = { url = "https://files.pythonhosted.org/packages/a2/87/a6771e1546d97e7e041b6ae58d80074f81b7d5121207425c964ddf5cfdbd/sniffio-1.3.1.tar.gz", hash = "sha256:f4324edc670a0f49750a81b895f35c3adb843cca46f0530f79fc1babb23789dc", size = 20372 }
wheels = [
    { url = "https://files.pythonhosted.org/packages/e9/44/75a9c9421471a6c4805dbf2356f7c181a29c1879239abab1ea2cc8f38b40/sniffio-1.3.1-py3-none-any.whl", hash = "sha256:2f6da418d1f1e0fddd844478f41680e794e6051915791a034ff65e5f100525a2", size = 10235 },
]

[[package]]
name = "typing-extensions"
version = "4.12.2"
source = { registry = "https://pypi.org/simple" }
sdist = { url = "https://files.pythonhosted.org/packages/df/db/f35a00659bc03fec321ba8bce9420de607a1d37f8342eee1863174c69557/typing_extensions-4.12.2.tar.gz", hash = "sha256:1a7ead55c7e559dd4dee8856e3a88b41225abfe1ce8df57b7c13915fe121ffb8", size = 85321 }
wheels = [
    { url = "https://files.pythonhosted.org/packages/26/9f/ad63fc0248c5379346306f8668cda6e2e2e9c95e01216d2b8ffd9ff037d0/typing_extensions-4.12.2-py3-none-any.whl", hash = "sha256:04e5ca0351e0f3f85c6853954072df659d0d13fac324d0072316b67d7794700d", size = 37438 },
]

[[package]]
name = "urllib3"
version = "2.2.3"
source = { registry = "https://pypi.org/simple" }
sdist = { url = "https://files.pythonhosted.org/packages/ed/63/22ba4ebfe7430b76388e7cd448d5478814d3032121827c12a2cc287e2260/urllib3-2.2.3.tar.gz", hash = "sha256:e7d814a81dad81e6caf2ec9fdedb284ecc9c73076b62654547cc64ccdcae26e9", size = 300677 }
wheels = [
    { url = "https://files.pythonhosted.org/packages/ce/d9/5f4c13cecde62396b0d3fe530a50ccea91e7dfc1ccf0e09c228841bb5ba8/urllib3-2.2.3-py3-none-any.whl", hash = "sha256:ca899ca043dcb1bafa3e262d73aa25c465bfb49e0bd9dd5d59f1d0acba2f8fac", size = 126338 },
]

[[package]]
name = "watchfiles"
version = "0.24.0"
source = { registry = "https://pypi.org/simple" }
dependencies = [
    { name = "anyio" },
]
sdist = { url = "https://files.pythonhosted.org/packages/c8/27/2ba23c8cc85796e2d41976439b08d52f691655fdb9401362099502d1f0cf/watchfiles-0.24.0.tar.gz", hash = "sha256:afb72325b74fa7a428c009c1b8be4b4d7c2afedafb2982827ef2156646df2fe1", size = 37870 }
wheels = [
    { url = "https://files.pythonhosted.org/packages/89/a1/631c12626378b9f1538664aa221feb5c60dfafbd7f60b451f8d0bdbcdedd/watchfiles-0.24.0-cp310-cp310-macosx_10_12_x86_64.whl", hash = "sha256:083dc77dbdeef09fa44bb0f4d1df571d2e12d8a8f985dccde71ac3ac9ac067a0", size = 375096 },
    { url = "https://files.pythonhosted.org/packages/f7/5c/f27c979c8a10aaa2822286c1bffdce3db731cd1aa4224b9f86623e94bbfe/watchfiles-0.24.0-cp310-cp310-macosx_11_0_arm64.whl", hash = "sha256:e94e98c7cb94cfa6e071d401ea3342767f28eb5a06a58fafdc0d2a4974f4f35c", size = 367425 },
    { url = "https://files.pythonhosted.org/packages/74/0d/1889e5649885484d29f6c792ef274454d0a26b20d6ed5fdba5409335ccb6/watchfiles-0.24.0-cp310-cp310-manylinux_2_17_aarch64.manylinux2014_aarch64.whl", hash = "sha256:82ae557a8c037c42a6ef26c494d0631cacca040934b101d001100ed93d43f361", size = 437705 },
    { url = "https://files.pythonhosted.org/packages/85/8a/01d9a22e839f0d1d547af11b1fcac6ba6f889513f1b2e6f221d9d60d9585/watchfiles-0.24.0-cp310-cp310-manylinux_2_17_armv7l.manylinux2014_armv7l.whl", hash = "sha256:acbfa31e315a8f14fe33e3542cbcafc55703b8f5dcbb7c1eecd30f141df50db3", size = 433636 },
    { url = "https://files.pythonhosted.org/packages/62/32/a93db78d340c7ef86cde469deb20e36c6b2a873edee81f610e94bbba4e06/watchfiles-0.24.0-cp310-cp310-manylinux_2_17_i686.manylinux2014_i686.whl", hash = "sha256:b74fdffce9dfcf2dc296dec8743e5b0332d15df19ae464f0e249aa871fc1c571", size = 451069 },
    { url = "https://files.pythonhosted.org/packages/99/c2/e9e2754fae3c2721c9a7736f92dab73723f1968ed72535fff29e70776008/watchfiles-0.24.0-cp310-cp310-manylinux_2_17_ppc64le.manylinux2014_ppc64le.whl", hash = "sha256:449f43f49c8ddca87c6b3980c9284cab6bd1f5c9d9a2b00012adaaccd5e7decd", size = 469306 },
    { url = "https://files.pythonhosted.org/packages/4c/45/f317d9e3affb06c3c27c478de99f7110143e87f0f001f0f72e18d0e1ddce/watchfiles-0.24.0-cp310-cp310-manylinux_2_17_s390x.manylinux2014_s390x.whl", hash = "sha256:4abf4ad269856618f82dee296ac66b0cd1d71450fc3c98532d93798e73399b7a", size = 476187 },
    { url = "https://files.pythonhosted.org/packages/ac/d3/f1f37248abe0114916921e638f71c7d21fe77e3f2f61750e8057d0b68ef2/watchfiles-0.24.0-cp310-cp310-manylinux_2_17_x86_64.manylinux2014_x86_64.whl", hash = "sha256:9f895d785eb6164678ff4bb5cc60c5996b3ee6df3edb28dcdeba86a13ea0465e", size = 425743 },
    { url = "https://files.pythonhosted.org/packages/2b/e8/c7037ea38d838fd81a59cd25761f106ee3ef2cfd3261787bee0c68908171/watchfiles-0.24.0-cp310-cp310-musllinux_1_1_aarch64.whl", hash = "sha256:7ae3e208b31be8ce7f4c2c0034f33406dd24fbce3467f77223d10cd86778471c", size = 612327 },
    { url = "https://files.pythonhosted.org/packages/a0/c5/0e6e228aafe01a7995fbfd2a4edb221bb11a2744803b65a5663fb85e5063/watchfiles-0.24.0-cp310-cp310-musllinux_1_1_x86_64.whl", hash = "sha256:2efec17819b0046dde35d13fb8ac7a3ad877af41ae4640f4109d9154ed30a188", size = 595096 },
    { url = "https://files.pythonhosted.org/packages/63/d5/4780e8bf3de3b4b46e7428a29654f7dc041cad6b19fd86d083e4b6f64bbe/watchfiles-0.24.0-cp310-none-win32.whl", hash = "sha256:6bdcfa3cd6fdbdd1a068a52820f46a815401cbc2cb187dd006cb076675e7b735", size = 264149 },
    { url = "https://files.pythonhosted.org/packages/fe/1b/5148898ba55fc9c111a2a4a5fb67ad3fa7eb2b3d7f0618241ed88749313d/watchfiles-0.24.0-cp310-none-win_amd64.whl", hash = "sha256:54ca90a9ae6597ae6dc00e7ed0a040ef723f84ec517d3e7ce13e63e4bc82fa04", size = 277542 },
    { url = "https://files.pythonhosted.org/packages/85/02/366ae902cd81ca5befcd1854b5c7477b378f68861597cef854bd6dc69fbe/watchfiles-0.24.0-cp311-cp311-macosx_10_12_x86_64.whl", hash = "sha256:bdcd5538e27f188dd3c804b4a8d5f52a7fc7f87e7fd6b374b8e36a4ca03db428", size = 375579 },
    { url = "https://files.pythonhosted.org/packages/bc/67/d8c9d256791fe312fea118a8a051411337c948101a24586e2df237507976/watchfiles-0.24.0-cp311-cp311-macosx_11_0_arm64.whl", hash = "sha256:2dadf8a8014fde6addfd3c379e6ed1a981c8f0a48292d662e27cabfe4239c83c", size = 367726 },
    { url = "https://files.pythonhosted.org/packages/b1/dc/a8427b21ef46386adf824a9fec4be9d16a475b850616cfd98cf09a97a2ef/watchfiles-0.24.0-cp311-cp311-manylinux_2_17_aarch64.manylinux2014_aarch64.whl", hash = "sha256:6509ed3f467b79d95fc62a98229f79b1a60d1b93f101e1c61d10c95a46a84f43", size = 437735 },
    { url = "https://files.pythonhosted.org/packages/3a/21/0b20bef581a9fbfef290a822c8be645432ceb05fb0741bf3c032e0d90d9a/watchfiles-0.24.0-cp311-cp311-manylinux_2_17_armv7l.manylinux2014_armv7l.whl", hash = "sha256:8360f7314a070c30e4c976b183d1d8d1585a4a50c5cb603f431cebcbb4f66327", size = 433644 },
    { url = "https://files.pythonhosted.org/packages/1c/e8/d5e5f71cc443c85a72e70b24269a30e529227986096abe091040d6358ea9/watchfiles-0.24.0-cp311-cp311-manylinux_2_17_i686.manylinux2014_i686.whl", hash = "sha256:316449aefacf40147a9efaf3bd7c9bdd35aaba9ac5d708bd1eb5763c9a02bef5", size = 450928 },
    { url = "https://files.pythonhosted.org/packages/61/ee/bf17f5a370c2fcff49e1fec987a6a43fd798d8427ea754ce45b38f9e117a/watchfiles-0.24.0-cp311-cp311-manylinux_2_17_ppc64le.manylinux2014_ppc64le.whl", hash = "sha256:73bde715f940bea845a95247ea3e5eb17769ba1010efdc938ffcb967c634fa61", size = 469072 },
    { url = "https://files.pythonhosted.org/packages/a3/34/03b66d425986de3fc6077e74a74c78da298f8cb598887f664a4485e55543/watchfiles-0.24.0-cp311-cp311-manylinux_2_17_s390x.manylinux2014_s390x.whl", hash = "sha256:3770e260b18e7f4e576edca4c0a639f704088602e0bc921c5c2e721e3acb8d15", size = 475517 },
    { url = "https://files.pythonhosted.org/packages/70/eb/82f089c4f44b3171ad87a1b433abb4696f18eb67292909630d886e073abe/watchfiles-0.24.0-cp311-cp311-manylinux_2_17_x86_64.manylinux2014_x86_64.whl", hash = "sha256:aa0fd7248cf533c259e59dc593a60973a73e881162b1a2f73360547132742823", size = 425480 },
    { url = "https://files.pythonhosted.org/packages/53/20/20509c8f5291e14e8a13104b1808cd7cf5c44acd5feaecb427a49d387774/watchfiles-0.24.0-cp311-cp311-musllinux_1_1_aarch64.whl", hash = "sha256:d7a2e3b7f5703ffbd500dabdefcbc9eafeff4b9444bbdd5d83d79eedf8428fab", size = 612322 },
    { url = "https://files.pythonhosted.org/packages/df/2b/5f65014a8cecc0a120f5587722068a975a692cadbe9fe4ea56b3d8e43f14/watchfiles-0.24.0-cp311-cp311-musllinux_1_1_x86_64.whl", hash = "sha256:d831ee0a50946d24a53821819b2327d5751b0c938b12c0653ea5be7dea9c82ec", size = 595094 },
    { url = "https://files.pythonhosted.org/packages/18/98/006d8043a82c0a09d282d669c88e587b3a05cabdd7f4900e402250a249ac/watchfiles-0.24.0-cp311-none-win32.whl", hash = "sha256:49d617df841a63b4445790a254013aea2120357ccacbed00253f9c2b5dc24e2d", size = 264191 },
    { url = "https://files.pythonhosted.org/packages/8a/8b/badd9247d6ec25f5f634a9b3d0d92e39c045824ec7e8afcedca8ee52c1e2/watchfiles-0.24.0-cp311-none-win_amd64.whl", hash = "sha256:d3dcb774e3568477275cc76554b5a565024b8ba3a0322f77c246bc7111c5bb9c", size = 277527 },
    { url = "https://files.pythonhosted.org/packages/af/19/35c957c84ee69d904299a38bae3614f7cede45f07f174f6d5a2f4dbd6033/watchfiles-0.24.0-cp311-none-win_arm64.whl", hash = "sha256:9301c689051a4857d5b10777da23fafb8e8e921bcf3abe6448a058d27fb67633", size = 266253 },
    { url = "https://files.pythonhosted.org/packages/35/82/92a7bb6dc82d183e304a5f84ae5437b59ee72d48cee805a9adda2488b237/watchfiles-0.24.0-cp312-cp312-macosx_10_12_x86_64.whl", hash = "sha256:7211b463695d1e995ca3feb38b69227e46dbd03947172585ecb0588f19b0d87a", size = 374137 },
    { url = "https://files.pythonhosted.org/packages/87/91/49e9a497ddaf4da5e3802d51ed67ff33024597c28f652b8ab1e7c0f5718b/watchfiles-0.24.0-cp312-cp312-macosx_11_0_arm64.whl", hash = "sha256:4b8693502d1967b00f2fb82fc1e744df128ba22f530e15b763c8d82baee15370", size = 367733 },
    { url = "https://files.pythonhosted.org/packages/0d/d8/90eb950ab4998effea2df4cf3a705dc594f6bc501c5a353073aa990be965/watchfiles-0.24.0-cp312-cp312-manylinux_2_17_aarch64.manylinux2014_aarch64.whl", hash = "sha256:cdab9555053399318b953a1fe1f586e945bc8d635ce9d05e617fd9fe3a4687d6", size = 437322 },
    { url = "https://files.pythonhosted.org/packages/6c/a2/300b22e7bc2a222dd91fce121cefa7b49aa0d26a627b2777e7bdfcf1110b/watchfiles-0.24.0-cp312-cp312-manylinux_2_17_armv7l.manylinux2014_armv7l.whl", hash = "sha256:34e19e56d68b0dad5cff62273107cf5d9fbaf9d75c46277aa5d803b3ef8a9e9b", size = 433409 },
    { url = "https://files.pythonhosted.org/packages/99/44/27d7708a43538ed6c26708bcccdde757da8b7efb93f4871d4cc39cffa1cc/watchfiles-0.24.0-cp312-cp312-manylinux_2_17_i686.manylinux2014_i686.whl", hash = "sha256:41face41f036fee09eba33a5b53a73e9a43d5cb2c53dad8e61fa6c9f91b5a51e", size = 452142 },
    { url = "https://files.pythonhosted.org/packages/b0/ec/c4e04f755be003129a2c5f3520d2c47026f00da5ecb9ef1e4f9449637571/watchfiles-0.24.0-cp312-cp312-manylinux_2_17_ppc64le.manylinux2014_ppc64le.whl", hash = "sha256:5148c2f1ea043db13ce9b0c28456e18ecc8f14f41325aa624314095b6aa2e9ea", size = 469414 },
    { url = "https://files.pythonhosted.org/packages/c5/4e/cdd7de3e7ac6432b0abf282ec4c1a1a2ec62dfe423cf269b86861667752d/watchfiles-0.24.0-cp312-cp312-manylinux_2_17_s390x.manylinux2014_s390x.whl", hash = "sha256:7e4bd963a935aaf40b625c2499f3f4f6bbd0c3776f6d3bc7c853d04824ff1c9f", size = 472962 },
    { url = "https://files.pythonhosted.org/packages/27/69/e1da9d34da7fc59db358424f5d89a56aaafe09f6961b64e36457a80a7194/watchfiles-0.24.0-cp312-cp312-manylinux_2_17_x86_64.manylinux2014_x86_64.whl", hash = "sha256:c79d7719d027b7a42817c5d96461a99b6a49979c143839fc37aa5748c322f234", size = 425705 },
    { url = "https://files.pythonhosted.org/packages/e8/c1/24d0f7357be89be4a43e0a656259676ea3d7a074901f47022f32e2957798/watchfiles-0.24.0-cp312-cp312-musllinux_1_1_aarch64.whl", hash = "sha256:32aa53a9a63b7f01ed32e316e354e81e9da0e6267435c7243bf8ae0f10b428ef", size = 612851 },
    { url = "https://files.pythonhosted.org/packages/c7/af/175ba9b268dec56f821639c9893b506c69fd999fe6a2e2c51de420eb2f01/watchfiles-0.24.0-cp312-cp312-musllinux_1_1_x86_64.whl", hash = "sha256:ce72dba6a20e39a0c628258b5c308779b8697f7676c254a845715e2a1039b968", size = 594868 },
    { url = "https://files.pythonhosted.org/packages/44/81/1f701323a9f70805bc81c74c990137123344a80ea23ab9504a99492907f8/watchfiles-0.24.0-cp312-none-win32.whl", hash = "sha256:d9018153cf57fc302a2a34cb7564870b859ed9a732d16b41a9b5cb2ebed2d444", size = 264109 },
    { url = "https://files.pythonhosted.org/packages/b4/0b/32cde5bc2ebd9f351be326837c61bdeb05ad652b793f25c91cac0b48a60b/watchfiles-0.24.0-cp312-none-win_amd64.whl", hash = "sha256:551ec3ee2a3ac9cbcf48a4ec76e42c2ef938a7e905a35b42a1267fa4b1645896", size = 277055 },
    { url = "https://files.pythonhosted.org/packages/4b/81/daade76ce33d21dbec7a15afd7479de8db786e5f7b7d249263b4ea174e08/watchfiles-0.24.0-cp312-none-win_arm64.whl", hash = "sha256:b52a65e4ea43c6d149c5f8ddb0bef8d4a1e779b77591a458a893eb416624a418", size = 266169 },
    { url = "https://files.pythonhosted.org/packages/30/dc/6e9f5447ae14f645532468a84323a942996d74d5e817837a5c8ce9d16c69/watchfiles-0.24.0-cp313-cp313-macosx_10_12_x86_64.whl", hash = "sha256:3d2e3ab79a1771c530233cadfd277fcc762656d50836c77abb2e5e72b88e3a48", size = 373764 },
    { url = "https://files.pythonhosted.org/packages/79/c0/c3a9929c372816c7fc87d8149bd722608ea58dc0986d3ef7564c79ad7112/watchfiles-0.24.0-cp313-cp313-macosx_11_0_arm64.whl", hash = "sha256:327763da824817b38ad125dcd97595f942d720d32d879f6c4ddf843e3da3fe90", size = 367873 },
    { url = "https://files.pythonhosted.org/packages/2e/11/ff9a4445a7cfc1c98caf99042df38964af12eed47d496dd5d0d90417349f/watchfiles-0.24.0-cp313-cp313-manylinux_2_17_aarch64.manylinux2014_aarch64.whl", hash = "sha256:bd82010f8ab451dabe36054a1622870166a67cf3fce894f68895db6f74bbdc94", size = 438381 },
    { url = "https://files.pythonhosted.org/packages/48/a3/763ba18c98211d7bb6c0f417b2d7946d346cdc359d585cc28a17b48e964b/watchfiles-0.24.0-cp313-cp313-manylinux_2_17_armv7l.manylinux2014_armv7l.whl", hash = "sha256:d64ba08db72e5dfd5c33be1e1e687d5e4fcce09219e8aee893a4862034081d4e", size = 432809 },
    { url = "https://files.pythonhosted.org/packages/30/4c/616c111b9d40eea2547489abaf4ffc84511e86888a166d3a4522c2ba44b5/watchfiles-0.24.0-cp313-cp313-manylinux_2_17_i686.manylinux2014_i686.whl", hash = "sha256:1cf1f6dd7825053f3d98f6d33f6464ebdd9ee95acd74ba2c34e183086900a827", size = 451801 },
    { url = "https://files.pythonhosted.org/packages/b6/be/d7da83307863a422abbfeb12903a76e43200c90ebe5d6afd6a59d158edea/watchfiles-0.24.0-cp313-cp313-manylinux_2_17_ppc64le.manylinux2014_ppc64le.whl", hash = "sha256:43e3e37c15a8b6fe00c1bce2473cfa8eb3484bbeecf3aefbf259227e487a03df", size = 468886 },
    { url = "https://files.pythonhosted.org/packages/1d/d3/3dfe131ee59d5e90b932cf56aba5c996309d94dafe3d02d204364c23461c/watchfiles-0.24.0-cp313-cp313-manylinux_2_17_s390x.manylinux2014_s390x.whl", hash = "sha256:88bcd4d0fe1d8ff43675360a72def210ebad3f3f72cabfeac08d825d2639b4ab", size = 472973 },
    { url = "https://files.pythonhosted.org/packages/42/6c/279288cc5653a289290d183b60a6d80e05f439d5bfdfaf2d113738d0f932/watchfiles-0.24.0-cp313-cp313-manylinux_2_17_x86_64.manylinux2014_x86_64.whl", hash = "sha256:999928c6434372fde16c8f27143d3e97201160b48a614071261701615a2a156f", size = 425282 },
    { url = "https://files.pythonhosted.org/packages/d6/d7/58afe5e85217e845edf26d8780c2d2d2ae77675eeb8d1b8b8121d799ce52/watchfiles-0.24.0-cp313-cp313-musllinux_1_1_aarch64.whl", hash = "sha256:30bbd525c3262fd9f4b1865cb8d88e21161366561cd7c9e1194819e0a33ea86b", size = 612540 },
    { url = "https://files.pythonhosted.org/packages/6d/d5/b96eeb9fe3fda137200dd2f31553670cbc731b1e13164fd69b49870b76ec/watchfiles-0.24.0-cp313-cp313-musllinux_1_1_x86_64.whl", hash = "sha256:edf71b01dec9f766fb285b73930f95f730bb0943500ba0566ae234b5c1618c18", size = 593625 },
    { url = "https://files.pythonhosted.org/packages/c1/e5/c326fe52ee0054107267608d8cea275e80be4455b6079491dfd9da29f46f/watchfiles-0.24.0-cp313-none-win32.whl", hash = "sha256:f4c96283fca3ee09fb044f02156d9570d156698bc3734252175a38f0e8975f07", size = 263899 },
    { url = "https://files.pythonhosted.org/packages/a6/8b/8a7755c5e7221bb35fe4af2dc44db9174f90ebf0344fd5e9b1e8b42d381e/watchfiles-0.24.0-cp313-none-win_amd64.whl", hash = "sha256:a974231b4fdd1bb7f62064a0565a6b107d27d21d9acb50c484d2cdba515b9366", size = 276622 },
    { url = "https://files.pythonhosted.org/packages/df/94/1ad200e937ec91b2a9d6b39ae1cf9c2b1a9cc88d5ceb43aa5c6962eb3c11/watchfiles-0.24.0-pp310-pypy310_pp73-macosx_10_12_x86_64.whl", hash = "sha256:632676574429bee8c26be8af52af20e0c718cc7f5f67f3fb658c71928ccd4f7f", size = 376986 },
    { url = "https://files.pythonhosted.org/packages/ee/fd/d9e020d687ccf90fe95efc513fbb39a8049cf5a3ff51f53c59fcf4c47a5d/watchfiles-0.24.0-pp310-pypy310_pp73-macosx_11_0_arm64.whl", hash = "sha256:a2a9891723a735d3e2540651184be6fd5b96880c08ffe1a98bae5017e65b544b", size = 369445 },
    { url = "https://files.pythonhosted.org/packages/43/cb/c0279b35053555d10ef03559c5aebfcb0c703d9c70a7b4e532df74b9b0e8/watchfiles-0.24.0-pp310-pypy310_pp73-manylinux_2_17_aarch64.manylinux2014_aarch64.whl", hash = "sha256:4a7fa2bc0efef3e209a8199fd111b8969fe9db9c711acc46636686331eda7dd4", size = 439383 },
    { url = "https://files.pythonhosted.org/packages/8b/c4/08b3c2cda45db5169148a981c2100c744a4a222fa7ae7644937c0c002069/watchfiles-0.24.0-pp310-pypy310_pp73-manylinux_2_17_x86_64.manylinux2014_x86_64.whl", hash = "sha256:01550ccf1d0aed6ea375ef259706af76ad009ef5b0203a3a4cce0f6024f9b68a", size = 426804 },
]

[[package]]
name = "z3-solver"
version = "4.13.3.0"
source = { registry = "https://pypi.org/simple" }
sdist = { url = "https://files.pythonhosted.org/packages/12/43/66654a437cd16bc25802284bd0f7ee94a679993ec0d90df25d2cbb595239/z3_solver-4.13.3.0.tar.gz", hash = "sha256:4c27466455bac65d3c512f4bb4841ac79e05e121d3f98ddc99ac27ab4bc27e05", size = 4899797 }
wheels = [
    { url = "https://files.pythonhosted.org/packages/5b/3e/fbefba102a95621b2eb9030acbb74338ab6078d2fef587ba3dc2a705bc4b/z3_solver-4.13.3.0-py3-none-macosx_13_0_arm64.whl", hash = "sha256:cae621cb47ebcf055f6a27285343d5c932f4c282b15c5d2840327e73e15a86a4", size = 35854175 },
    { url = "https://files.pythonhosted.org/packages/2f/c3/dde2e0ec7bd698bfa3d9b6d6eb5dcc4eb6434a5dc8430c2ac97eb413b1f4/z3_solver-4.13.3.0-py3-none-macosx_13_0_x86_64.whl", hash = "sha256:7900fbd1917164c938a20bea7845f7b95fcb431d0ade474d408f979196bccb8f", size = 38534677 },
    { url = "https://files.pythonhosted.org/packages/b6/f2/036f6501d3a2835cd4a17fd67364cd56337a5183e20b063d3d8a005f7288/z3_solver-4.13.3.0-py3-none-manylinux_2_17_x86_64.manylinux2014_x86_64.whl", hash = "sha256:794843e4946ade1561e40a75ffc1163b45d36b493fd6cc269ad1d6a65bddb8e5", size = 28124043 },
    { url = "https://files.pythonhosted.org/packages/1c/ff/51b34658ceca98978be0d0e5161bc239015188debc4e3895803a311608fd/z3_solver-4.13.3.0-py3-none-manylinux_2_34_aarch64.whl", hash = "sha256:ab5057cb1f4680406a232d2c1d968daaf69fae10685baa0887b85ca8e938a5cf", size = 26208542 },
    { url = "https://files.pythonhosted.org/packages/18/75/adfd645c3e3418052675b06717c4339f423ca7b51b7185fb0897f913acdc/z3_solver-4.13.3.0-py3-none-win32.whl", hash = "sha256:ba465489e9ab609f1cf0f232cbc102165b89a507347a6093c2ac3224cf161aa3", size = 12700057 },
    { url = "https://files.pythonhosted.org/packages/26/94/352fc6e18bd23056b57132bbe9d40facd5f70acebe23a6c49bfd89fa2bc0/z3_solver-4.13.3.0-py3-none-win_amd64.whl", hash = "sha256:d55e4793fa48230af766c7f6f7f033198b2d9df150d89ec65b07fd7b87998897", size = 15606445 },
]
